# This file was autogenerated by Stack.
# You should not edit this file by hand.
# For more information, please see the documentation at:
#   https://docs.haskellstack.org/en/stable/lock_files

packages:
- completed:
    hackage: language-lua-0.11.0.2@sha256:5eedabf72cad2f286061b81ae2d6d8df1e9c9ed27e8924461aabb742aa9213ba,2328
    pantry-tree:
      sha256: 75649f2915f7f87cfe494e9f5766ab85f5082fdfd7657f3489cd32c10717034c
      size: 3473
  original:
    hackage: language-lua-0.11.0.2
- completed:
    commit: 516f52b13870fa7d99b0503a0730438f07891340
    git: https://github.com/jkoppel/language-javascript.git
    name: language-javascript
    pantry-tree:
      sha256: b0a5fff33cc480c150782b1db22aba3b53d9a2151e542413babc896e2e3008e1
      size: 3057
    version: 0.6.0.10
  original:
    commit: 516f52b13870fa7d99b0503a0730438f07891340
    git: https://github.com/jkoppel/language-javascript.git
- completed:
    hackage: language-dot-0.1.2@sha256:23735f11afe5ea2417f9cf9deda11ea64679a6c83d41c5947e9e132e0739fb95,1665
    pantry-tree:
      sha256: 4c9ff040a850d1d24f16b349f79c02020c8239404455c3dfdb78a4e7cbdf62aa
      size: 525
  original:
    hackage: language-dot-0.1.2
- completed:
    commit: 9a496ea8da36742ab3c4ca7769f072f8f6091deb
    git: https://github.com/jkoppel/language-c.git
    name: language-c
    pantry-tree:
      sha256: 19168d34e6960b518dac1ab06b4eb02950ed01142a342785273b08fab516c3f6
      size: 17130
    version: 0.5.3
  original:
    commit: 9a496ea8da36742ab3c4ca7769f072f8f6091deb
    git: https://github.com/jkoppel/language-c.git
- completed:
    commit: 31de71c063d8586d6d69f49fbc55030f7e865593
    git: https://github.com/jkoppel/language-java.git
    name: language-java
    pantry-tree:
      sha256: 96fcd88fe93ba3c45aebc752bed630506b351d3750dafb427ba1ec69cff7d341
      size: 3859
    version: 0.2.8.2
  original:
    commit: 31de71c063d8586d6d69f49fbc55030f7e865593
    git: https://github.com/jkoppel/language-java.git
- completed:
    commit: ed56714c994693e7458ad5f5b02d6bb1c53fe435
    git: https://github.com/jkoppel/solidity-hs
    name: solidity
    pantry-tree:
      sha256: 77dffe6a529bd706dd247415348eb3ab44cac672cd90c44b65eaa933bf30df6d
      size: 5173
    version: 0.1.0.13
  original:
    commit: ed56714c994693e7458ad5f5b02d6bb1c53fe435
    git: https://github.com/jkoppel/solidity-hs
- completed:
    commit: 4ef1ba415badfb58e043bef543d9d9857ab0f2cc
    git: https://github.com/jkoppel/language-python.git
    name: language-python
    pantry-tree:
      sha256: 7d02e1067d47c814aa5b59da7c22e4c208e12fb3f802fd1f5385db9a7b95a626
      size: 2432
    subdir: language-python
    version: 0.6.2
  original:
    commit: 4ef1ba415badfb58e043bef543d9d9857ab0f2cc
    git: https://github.com/jkoppel/language-python.git
    subdir: language-python
- completed:
    hackage: concurrent-supply-0.1.8@sha256:6f921f62de9f32015f74b084ca5839b7e0f96b507cbd16433c7b5cec65e473f9,1627
    pantry-tree:
      sha256: 7d14ef1f612b87767b8aade66e9e9332464715c813047d4c55e20820e0e9c189
      size: 400
  original:
    hackage: concurrent-supply-0.1.8
- completed:
    hackage: wl-pprint-1.2.1@sha256:aea676cff4a062d7d912149d270e33f5bb0c01b68a9db46ff13b438141ff4b7c,734
    pantry-tree:
      sha256: 750b375c6fc33400551f9e32e26e41844c372270a9bc3571e912fa36df7c6d4f
      size: 221
  original:
    hackage: wl-pprint-1.2.1@sha256:aea676cff4a062d7d912149d270e33f5bb0c01b68a9db46ff13b438141ff4b7c,734
- completed:
    hackage: alex-tools-0.6.1@sha256:95c897214740ff2c4d9bc98a8d29beee0207bc669cd31e35c3a34d4a0a4b0217,1068
    pantry-tree:
      sha256: 756442421f713f4e3442599b9c0ebe8647f4edd7fa142065c32c6110507ca7ba
      size: 323
  original:
    hackage: alex-tools-0.6.1
- completed:
    commit: f72c9c9554e92ba9d707d6f8a06b184fb5625d38
    git: https://github.com/cubix-framework/cubix.git
    name: cubix
    pantry-tree:
      sha256: d7699ee91483c3f1187697312ac4db11a79e2c11669e2f43c08faff4c39e6713
      size: 2952751
    subdir: .
    version: 0.8.0
  original:
    commit: f72c9c9554e92ba9d707d6f8a06b184fb5625d38
    git: https://github.com/cubix-framework/cubix.git
    subdir: .
- completed:
    commit: f72c9c9554e92ba9d707d6f8a06b184fb5625d38
    git: https://github.com/cubix-framework/cubix.git
    name: cubix-compdata
    pantry-tree:
      sha256: ef7a796af392319689098607ed06faf5c0d808e46eb04be4093bfa244f9244ef
      size: 3892
    subdir: compdata
    version: 1.0.2
  original:
    commit: f72c9c9554e92ba9d707d6f8a06b184fb5625d38
    git: https://github.com/cubix-framework/cubix.git
    subdir: compdata
- completed:
    commit: f72c9c9554e92ba9d707d6f8a06b184fb5625d38
    git: https://github.com/cubix-framework/cubix.git
    name: compstrat
    pantry-tree:
      sha256: 1446ba67c86a121797056f5ec4bfd708759185c1f6612ea99c93567179e0f92b
      size: 489
    subdir: compstrat
    version: 0.1.0.3
  original:
    commit: f72c9c9554e92ba9d707d6f8a06b184fb5625d38
    git: https://github.com/cubix-framework/cubix.git
    subdir: compstrat
- completed:
    commit: f72c9c9554e92ba9d707d6f8a06b184fb5625d38
    git: https://github.com/cubix-framework/cubix.git
    name: comptrans
    pantry-tree:
      sha256: c038061a4af793aefc70254aa72fccc7fc3df6d2346d184dd6324c59effd4c5c
      size: 768
    subdir: comptrans
    version: 0.1.0.7
  original:
    commit: f72c9c9554e92ba9d707d6f8a06b184fb5625d38
    git: https://github.com/cubix-framework/cubix.git
    subdir: comptrans
- completed:
    commit: f72c9c9554e92ba9d707d6f8a06b184fb5625d38
    git: https://github.com/cubix-framework/cubix.git
    name: cubix-sui-move
    pantry-tree:
      sha256: 801ecabdc40a70fd175589037fb1d888170bbe14322105963c5b85edf6348994
      size: 2002
    subdir: cubix-sui-move
    version: 1.0.2
  original:
    commit: f72c9c9554e92ba9d707d6f8a06b184fb5625d38
    git: https://github.com/cubix-framework/cubix.git
    subdir: cubix-sui-move
- completed:
    commit: f72c9c9554e92ba9d707d6f8a06b184fb5625d38
    git: https://github.com/cubix-framework/cubix.git
    name: cubix-tree-sitter
    pantry-tree:
      sha256: 9de58bc7963c148850cc919c980718fd4a54fd220806747d35418a20780877b3
      size: 1834
    subdir: cubix-tree-sitter
    version: 1.0.2
  original:
    commit: f72c9c9554e92ba9d707d6f8a06b184fb5625d38
    git: https://github.com/cubix-framework/cubix.git
    subdir: cubix-tree-sitter
- completed:
    commit: f72c9c9554e92ba9d707d6f8a06b184fb5625d38
    git: https://github.com/cubix-framework/cubix.git
    name: tree-sitter-sui-move
    pantry-tree:
      sha256: 033b05eb3e9ec55496b635862f18435c8f340ed45a13d668ba7671a2e7d58e32
      size: 2547415
    subdir: tree-sitter-sui-move
    version: 1.0.0
  original:
    commit: f72c9c9554e92ba9d707d6f8a06b184fb5625d38
    git: https://github.com/cubix-framework/cubix.git
    subdir: tree-sitter-sui-move
- completed:
    commit: 36811ed91dad00c6dcecfcb1a32a973e771b1011
    git: https://github.com/wenkokke/hs-tree-sitter.git
    name: base-compat-constptr
    pantry-tree:
      sha256: 78dddeb96b7a39c249da7c24d5fd990901bc92e83831c45500e84100edf7ebf3
      size: 192
    subdir: base-compat-constptr
    version: 0.1.0.0
  original:
    commit: 36811ed91dad00c6dcecfcb1a32a973e771b1011
    git: https://github.com/wenkokke/hs-tree-sitter.git
    subdir: base-compat-constptr
- completed:
    commit: 36811ed91dad00c6dcecfcb1a32a973e771b1011
    git: https://github.com/wenkokke/hs-tree-sitter.git
    name: hs-tree-sitter-capi
    pantry-tree:
      sha256: 30ff6e98cbd4e7b0e166d9da61061cb133239c7607875a75d080d30f0fdc6de3
      size: 41801
    subdir: hs-tree-sitter-capi
    version: 13.0.14.0
  original:
    commit: 36811ed91dad00c6dcecfcb1a32a973e771b1011
    git: https://github.com/wenkokke/hs-tree-sitter.git
    subdir: hs-tree-sitter-capi
- completed:
    commit: 36811ed91dad00c6dcecfcb1a32a973e771b1011
    git: https://github.com/wenkokke/hs-tree-sitter.git
    name: hs-tree-sitter
    pantry-tree:
      sha256: ed0eea894e8afcab336aab67781bd540ff86677f7256afbf10c70415ea085f1b
      size: 329
    subdir: hs-tree-sitter
    version: 13.0.14.0
  original:
    commit: 36811ed91dad00c6dcecfcb1a32a973e771b1011
    git: https://github.com/wenkokke/hs-tree-sitter.git
    subdir: hs-tree-sitter
- completed:
    commit: 36811ed91dad00c6dcecfcb1a32a973e771b1011
    git: https://github.com/wenkokke/hs-tree-sitter.git
    name: hs-tree-sitter-generate-ast
    pantry-tree:
      sha256: 387d667aa4c5aabc1c4ecc0646a912c9fd32ab4d37a8fa84c40a3a307f4b0d4e
      size: 450
    subdir: hs-tree-sitter-generate-ast
    version: 0.1.0.0
  original:
    commit: 36811ed91dad00c6dcecfcb1a32a973e771b1011
    git: https://github.com/wenkokke/hs-tree-sitter.git
    subdir: hs-tree-sitter-generate-ast
- completed:
    hackage: ghc-debug-stub-0.7.0.0@sha256:d4d155d2a2e1aff3d93f8670ca47195bd3eb69468cd233fc661bb86158047df7,1601
    pantry-tree:
      sha256: 51a904c4501cc2f6f861a1523ddcb56447230f751a824427a40ee58731846b8c
      size: 600
  original:
    hackage: ghc-debug-stub-0.7.0.0@sha256:d4d155d2a2e1aff3d93f8670ca47195bd3eb69468cd233fc661bb86158047df7,1601
- completed:
    hackage: ghc-debug-convention-0.7.0.0@sha256:1ad94e857fb66eda7075bb3fd7a20230dd5aed1de91149769ce988f967acc11a,635
    pantry-tree:
      sha256: 442e3ff5c8b324b70214dbeb67001a36301a6938b9316bed376c2f37b3c4a597
      size: 189
  original:
    hackage: ghc-debug-convention-0.7.0.0@sha256:1ad94e857fb66eda7075bb3fd7a20230dd5aed1de91149769ce988f967acc11a,635
- completed:
    hackage: path-io-1.6.3@sha256:371bae3355b69c5db06c516a50ea0d82eed96105da6af1d93f8e9613444e5967,2142
    pantry-tree:
      sha256: 37fa253d7dac4f733d39dc4355eb1d1bcdd7432f99df54c495a9e0f5d4e6303f
      size: 364
  original:
    hackage: path-io-1.6.3@sha256:371bae3355b69c5db06c516a50ea0d82eed96105da6af1d93f8e9613444e5967,2142
- completed:
    hackage: text-2.1.2@sha256:69f99964f3918de098da01902a546547680e33dfdcd2513ab1df0ead62c7312a,10609
    pantry-tree:
      sha256: 99e804bb7aa4ce2d9f0cc08de08b41ac0451ab4bf991578de6c4cabf0b257c75
      size: 8647
  original:
    hackage: text-2.1.2@sha256:69f99964f3918de098da01902a546547680e33dfdcd2513ab1df0ead62c7312a,10609
- completed:
    hackage: unicode-data-names-0.6.0@sha256:4783ba5d4db463a2f722527cc9aba7b9825ddabaedc10360af0a81785e25ae14,5723
    pantry-tree:
      sha256: bd457f6551a9aee8f6b49b43181ce187cf1d4936785be3f248b9df567aeac54a
      size: 1364
  original:
    hackage: unicode-data-names-0.6.0@sha256:4783ba5d4db463a2f722527cc9aba7b9825ddabaedc10360af0a81785e25ae14,5723
- completed:
    hackage: unicode-data-0.8.0@sha256:f3538e3f61938edc4ebcd0b6c23b2cdcd5ebee4800aa993bca8712df72e87865,5616
    pantry-tree:
      sha256: 493512276f2592df3b282685d5ea8306097a37df9d3cc8cef3de296a9cf86884
      size: 4069
  original:
    hackage: unicode-data-0.8.0@sha256:f3538e3f61938edc4ebcd0b6c23b2cdcd5ebee4800aa993bca8712df72e87865,5616
- completed:
    hackage: parsec-3.1.18.0@sha256:dfbb9835b8abc966b6bbd34340ef5122227b4cf4480062b85ca4c4704f054f98,4535
    pantry-tree:
      sha256: 48ae1440eb8eb4fecde2a724c492e830ff2bec341117164302399b417733bf70
      size: 2810
  original:
    hackage: parsec-3.1.18.0@sha256:dfbb9835b8abc966b6bbd34340ef5122227b4cf4480062b85ca4c4704f054f98,4535
snapshots:
- completed:
    sha256: 400dfb2174640dd2f9f2ba7cbf9148699f2380ab64faa46f4be298a5d6205316
    size: 684057
    url: https://raw.githubusercontent.com/commercialhaskell/stackage-snapshots/master/lts/23/24.yaml
  original: lts-23.24
